
Microsoft Visual Studio Solution File, Format Version 12.00
# Visual Studio 15
VisualStudioVersion = 15.0.26430.15
MinimumVisualStudioVersion = 10.0.40219.1
Project("{9A19103F-16F7-4668-BE54-9A1E7A4F7556}") = "ECom.Web", "src\ECom.Web\ECom.Web.csproj", "{C090F82C-7C05-4476-BE4F-ADE9954EEC89}"
EndProject
Project("{2150E333-8FDC-42A3-9474-1A3956D46DE8}") = "src", "src", "{E6E9E1F3-52AA-4F6D-9043-F5D31E117713}"
EndProject
Project("{2150E333-8FDC-42A3-9474-1A3956D46DE8}") = "Modules", "Modules", "{F15816C3-E6C8-4181-9EA7-ABBE95758654}"
EndProject
Project("{9A19103F-16F7-4668-BE54-9A1E7A4F7556}") = "ECom.Orders", "src\ECom.Modules\ECom.Orders\ECom.Orders.csproj", "{969A7F3A-BB47-44A5-8AB2-E745262DF3B9}"
EndProject
Project("{9A19103F-16F7-4668-BE54-9A1E7A4F7556}") = "ECom.InMemoryStore", "src\ECom.Modules\ECom.InMemoryStore\ECom.InMemoryStore.csproj", "{6CC98BB1-7606-43D4-94E5-6E7CF423E5D8}"
EndProject
Project("{9A19103F-16F7-4668-BE54-9A1E7A4F7556}") = "ECom.Abstractions", "src\ECom.Modules\ECom.Abstractions\ECom.Abstractions.csproj", "{D784DA8C-52A8-452E-8A85-39D740EC6EFB}"
EndProject
Project("{9A19103F-16F7-4668-BE54-9A1E7A4F7556}") = "ECom.Inventory", "src\ECom.Modules\ECom.Inventory\ECom.Inventory.csproj", "{7A8F6259-B8AC-44F3-914E-122566A320FA}"
EndProject
Project("{9A19103F-16F7-4668-BE54-9A1E7A4F7556}") = "ECom.Swagger", "src\ECom.Modules\ECom.Swagger\ECom.Swagger.csproj", "{BA282FF2-0109-4AC4-8BDA-BEF31E50964F}"
EndProject
Project("{FAE04EC0-301F-11D3-BF4B-00C04F79EFBC}") = "ECom.Accounts", "src\ECom.Modules\ECom.Accounts\ECom.Accounts.csproj", "{DD9FDAEA-2D3A-4F99-A082-A0EB46308AE5}"
EndProject
Project("{FAE04EC0-301F-11D3-BF4B-00C04F79EFBC}") = "ECom.Accounts.Invoicing", "src\ECom.Modules\ECom.Accounts.Invoicing\ECom.Accounts.Invoicing.csproj", "{A70BE82C-CCDD-4AF4-9377-550CF85A49BA}"
EndProject
Project("{FAE04EC0-301F-11D3-BF4B-00C04F79EFBC}") = "ECom.Accounts.Contracts", "src\ECom.Modules\ECom.Accounts.Contracts\ECom.Accounts.Contracts.csproj", "{A9CEEDA5-4AEA-4F55-A753-C0B575F7E61C}"
EndProject
Global
	GlobalSection(SolutionConfigurationPlatforms) = preSolution
		Debug|Any CPU = Debug|Any CPU
		Release|Any CPU = Release|Any CPU
	EndGlobalSection
	GlobalSection(ProjectConfigurationPlatforms) = postSolution
		{C090F82C-7C05-4476-BE4F-ADE9954EEC89}.Debug|Any CPU.ActiveCfg = Debug|Any CPU
		{C090F82C-7C05-4476-BE4F-ADE9954EEC89}.Debug|Any CPU.Build.0 = Debug|Any CPU
		{C090F82C-7C05-4476-BE4F-ADE9954EEC89}.Release|Any CPU.ActiveCfg = Release|Any CPU
		{C090F82C-7C05-4476-BE4F-ADE9954EEC89}.Release|Any CPU.Build.0 = Release|Any CPU
		{969A7F3A-BB47-44A5-8AB2-E745262DF3B9}.Debug|Any CPU.ActiveCfg = Debug|Any CPU
		{969A7F3A-BB47-44A5-8AB2-E745262DF3B9}.Debug|Any CPU.Build.0 = Debug|Any CPU
		{969A7F3A-BB47-44A5-8AB2-E745262DF3B9}.Release|Any CPU.ActiveCfg = Release|Any CPU
		{969A7F3A-BB47-44A5-8AB2-E745262DF3B9}.Release|Any CPU.Build.0 = Release|Any CPU
		{6CC98BB1-7606-43D4-94E5-6E7CF423E5D8}.Debug|Any CPU.ActiveCfg = Debug|Any CPU
		{6CC98BB1-7606-43D4-94E5-6E7CF423E5D8}.Debug|Any CPU.Build.0 = Debug|Any CPU
		{6CC98BB1-7606-43D4-94E5-6E7CF423E5D8}.Release|Any CPU.ActiveCfg = Release|Any CPU
		{6CC98BB1-7606-43D4-94E5-6E7CF423E5D8}.Release|Any CPU.Build.0 = Release|Any CPU
		{D784DA8C-52A8-452E-8A85-39D740EC6EFB}.Debug|Any CPU.ActiveCfg = Debug|Any CPU
		{D784DA8C-52A8-452E-8A85-39D740EC6EFB}.Debug|Any CPU.Build.0 = Debug|Any CPU
		{D784DA8C-52A8-452E-8A85-39D740EC6EFB}.Release|Any CPU.ActiveCfg = Release|Any CPU
		{D784DA8C-52A8-452E-8A85-39D740EC6EFB}.Release|Any CPU.Build.0 = Release|Any CPU
		{7A8F6259-B8AC-44F3-914E-122566A320FA}.Debug|Any CPU.ActiveCfg = Debug|Any CPU
		{7A8F6259-B8AC-44F3-914E-122566A320FA}.Debug|Any CPU.Build.0 = Debug|Any CPU
		{7A8F6259-B8AC-44F3-914E-122566A320FA}.Release|Any CPU.ActiveCfg = Release|Any CPU
		{7A8F6259-B8AC-44F3-914E-122566A320FA}.Release|Any CPU.Build.0 = Release|Any CPU
		{BA282FF2-0109-4AC4-8BDA-BEF31E50964F}.Debug|Any CPU.ActiveCfg = Debug|Any CPU
		{BA282FF2-0109-4AC4-8BDA-BEF31E50964F}.Debug|Any CPU.Build.0 = Debug|Any CPU
		{BA282FF2-0109-4AC4-8BDA-BEF31E50964F}.Release|Any CPU.ActiveCfg = Release|Any CPU
		{BA282FF2-0109-4AC4-8BDA-BEF31E50964F}.Release|Any CPU.Build.0 = Release|Any CPU
		{DD9FDAEA-2D3A-4F99-A082-A0EB46308AE5}.Debug|Any CPU.ActiveCfg = Debug|Any CPU
		{DD9FDAEA-2D3A-4F99-A082-A0EB46308AE5}.Debug|Any CPU.Build.0 = Debug|Any CPU
		{DD9FDAEA-2D3A-4F99-A082-A0EB46308AE5}.Release|Any CPU.ActiveCfg = Release|Any CPU
		{DD9FDAEA-2D3A-4F99-A082-A0EB46308AE5}.Release|Any CPU.Build.0 = Release|Any CPU
		{A70BE82C-CCDD-4AF4-9377-550CF85A49BA}.Debug|Any CPU.ActiveCfg = Debug|Any CPU
		{A70BE82C-CCDD-4AF4-9377-550CF85A49BA}.Debug|Any CPU.Build.0 = Debug|Any CPU
		{A70BE82C-CCDD-4AF4-9377-550CF85A49BA}.Release|Any CPU.ActiveCfg = Release|Any CPU
		{A70BE82C-CCDD-4AF4-9377-550CF85A49BA}.Release|Any CPU.Build.0 = Release|Any CPU
		{A9CEEDA5-4AEA-4F55-A753-C0B575F7E61C}.Debug|Any CPU.ActiveCfg = Debug|Any CPU
		{A9CEEDA5-4AEA-4F55-A753-C0B575F7E61C}.Debug|Any CPU.Build.0 = Debug|Any CPU
		{A9CEEDA5-4AEA-4F55-A753-C0B575F7E61C}.Release|Any CPU.ActiveCfg = Release|Any CPU
		{A9CEEDA5-4AEA-4F55-A753-C0B575F7E61C}.Release|Any CPU.Build.0 = Release|Any CPU
	EndGlobalSection
	GlobalSection(SolutionProperties) = preSolution
		HideSolutionNode = FALSE
	EndGlobalSection
	GlobalSection(NestedProjects) = preSolution
		{C090F82C-7C05-4476-BE4F-ADE9954EEC89} = {E6E9E1F3-52AA-4F6D-9043-F5D31E117713}
		{F15816C3-E6C8-4181-9EA7-ABBE95758654} = {E6E9E1F3-52AA-4F6D-9043-F5D31E117713}
		{969A7F3A-BB47-44A5-8AB2-E745262DF3B9} = {F15816C3-E6C8-4181-9EA7-ABBE95758654}
		{6CC98BB1-7606-43D4-94E5-6E7CF423E5D8} = {F15816C3-E6C8-4181-9EA7-ABBE95758654}
		{D784DA8C-52A8-452E-8A85-39D740EC6EFB} = {F15816C3-E6C8-4181-9EA7-ABBE95758654}
		{7A8F6259-B8AC-44F3-914E-122566A320FA} = {F15816C3-E6C8-4181-9EA7-ABBE95758654}
		{BA282FF2-0109-4AC4-8BDA-BEF31E50964F} = {F15816C3-E6C8-4181-9EA7-ABBE95758654}
		{DD9FDAEA-2D3A-4F99-A082-A0EB46308AE5} = {F15816C3-E6C8-4181-9EA7-ABBE95758654}
		{A70BE82C-CCDD-4AF4-9377-550CF85A49BA} = {F15816C3-E6C8-4181-9EA7-ABBE95758654}
		{A9CEEDA5-4AEA-4F55-A753-C0B575F7E61C} = {F15816C3-E6C8-4181-9EA7-ABBE95758654}
	EndGlobalSection
EndGlobal
